// !$*UTF8*$!
{
	archiveVersion = 1;
	classes = {
	};
	objectVersion = 56;
	objects = {

/* Begin PBXBuildFile section */
		DA499C2A2E60EB8800968E61 /* UserProfileViewModel.swift in Sources */ = {isa = PBXBuildFile; fileRef = DA499C292E60EB8800968E61 /* UserProfileViewModel.swift */; };
		DA499C2C2E60EF8300968E61 /* UserProfileView.swift in Sources */ = {isa = PBXBuildFile; fileRef = DA499C2B2E60EF8300968E61 /* UserProfileView.swift */; };
		DA499C2E2E60EFFA00968E61 /* PostRowView.swift in Sources */ = {isa = PBXBuildFile; fileRef = DA499C2D2E60EFFA00968E61 /* PostRowView.swift */; };
		DA499C302E60F15E00968E61 /* AppNavigationPath.swift in Sources */ = {isa = PBXBuildFile; fileRef = DA499C2F2E60F15E00968E61 /* AppNavigationPath.swift */; };
		DA7A34692E5F74FD0008D115 /* LinkUpApp.swift in Sources */ = {isa = PBXBuildFile; fileRef = DA7A34682E5F74FD0008D115 /* LinkUpApp.swift */; };
		DA7A346B2E5F74FD0008D115 /* ContentView.swift in Sources */ = {isa = PBXBuildFile; fileRef = DA7A346A2E5F74FD0008D115 /* ContentView.swift */; };
		DA7A346D2E5F75070008D115 /* Assets.xcassets in Resources */ = {isa = PBXBuildFile; fileRef = DA7A346C2E5F75070008D115 /* Assets.xcassets */; };
		DA7A34702E5F75070008D115 /* Preview Assets.xcassets in Resources */ = {isa = PBXBuildFile; fileRef = DA7A346F2E5F75070008D115 /* Preview Assets.xcassets */; };
		DA7A347A2E5F7AA70008D115 /* DataModels.swift in Sources */ = {isa = PBXBuildFile; fileRef = DA7A34792E5F7AA70008D115 /* DataModels.swift */; };
		DA7A347D2E5F7C0F0008D115 /* Networking.swift in Sources */ = {isa = PBXBuildFile; fileRef = DA7A347C2E5F7C0F0008D115 /* Networking.swift */; };
		DA7A347F2E5F7D280008D115 /* APIService.swift in Sources */ = {isa = PBXBuildFile; fileRef = DA7A347E2E5F7D280008D115 /* APIService.swift */; };
		DA7A34812E5F7D840008D115 /* APIEndpoint.swift in Sources */ = {isa = PBXBuildFile; fileRef = DA7A34802E5F7D840008D115 /* APIEndpoint.swift */; };
		DA7A34842E5F80D20008D115 /* APIError.swift in Sources */ = {isa = PBXBuildFile; fileRef = DA7A34832E5F80D20008D115 /* APIError.swift */; };
		DA7A34862E5F82A90008D115 /* PostsViewModel.swift in Sources */ = {isa = PBXBuildFile; fileRef = DA7A34852E5F82A90008D115 /* PostsViewModel.swift */; };
		DA7A34882E5F84810008D115 /* PostsView.swift in Sources */ = {isa = PBXBuildFile; fileRef = DA7A34872E5F84810008D115 /* PostsView.swift */; };
		DA9B3D1A2E5F989D00D264CC /* PostDetailViewModel.swift in Sources */ = {isa = PBXBuildFile; fileRef = DA9B3D192E5F989D00D264CC /* PostDetailViewModel.swift */; };
		DA9B3D1C2E5F9CDE00D264CC /* PostDetailView.swift in Sources */ = {isa = PBXBuildFile; fileRef = DA9B3D1B2E5F9CDE00D264CC /* PostDetailView.swift */; };
		DA9B3D1E2E5FA05A00D264CC /* CommentView.swift in Sources */ = {isa = PBXBuildFile; fileRef = DA9B3D1D2E5FA05A00D264CC /* CommentView.swift */; };
		DA9B3D202E5FA3BB00D264CC /* MockAPIService.swift in Sources */ = {isa = PBXBuildFile; fileRef = DA9B3D1F2E5FA3BB00D264CC /* MockAPIService.swift */; };
		DACC5AE82E802F9B00BC5624 /* ThemeManager.swift in Sources */ = {isa = PBXBuildFile; fileRef = DACC5AE72E802F9B00BC5624 /* ThemeManager.swift */; };
		DACC5AEA2E8032A700BC5624 /* SettingsView.swift in Sources */ = {isa = PBXBuildFile; fileRef = DACC5AE92E8032A700BC5624 /* SettingsView.swift */; };
		DACC5AEC2E8035C900BC5624 /* MainTabView.swift in Sources */ = {isa = PBXBuildFile; fileRef = DACC5AEB2E8035C900BC5624 /* MainTabView.swift */; };
		DACC5AF42E81848C00BC5624 /* FavoritePost.swift in Sources */ = {isa = PBXBuildFile; fileRef = DACC5AF32E81848C00BC5624 /* FavoritePost.swift */; };
		DACC5AF62E818D0000BC5624 /* PostService.swift in Sources */ = {isa = PBXBuildFile; fileRef = DACC5AF52E818D0000BC5624 /* PostService.swift */; };
/* End PBXBuildFile section */

/* Begin PBXFileReference section */
		DA499C292E60EB8800968E61 /* UserProfileViewModel.swift */ = {isa = PBXFileReference; lastKnownFileType = sourcecode.swift; path = UserProfileViewModel.swift; sourceTree = "<group>"; };
		DA499C2B2E60EF8300968E61 /* UserProfileView.swift */ = {isa = PBXFileReference; lastKnownFileType = sourcecode.swift; path = UserProfileView.swift; sourceTree = "<group>"; };
		DA499C2D2E60EFFA00968E61 /* PostRowView.swift */ = {isa = PBXFileReference; lastKnownFileType = sourcecode.swift; path = PostRowView.swift; sourceTree = "<group>"; };
		DA499C2F2E60F15E00968E61 /* AppNavigationPath.swift */ = {isa = PBXFileReference; lastKnownFileType = sourcecode.swift; path = AppNavigationPath.swift; sourceTree = "<group>"; };
		DA7A34652E5F74FD0008D115 /* LinkUp.app */ = {isa = PBXFileReference; explicitFileType = wrapper.application; includeInIndex = 0; path = LinkUp.app; sourceTree = BUILT_PRODUCTS_DIR; };
		DA7A34682E5F74FD0008D115 /* LinkUpApp.swift */ = {isa = PBXFileReference; lastKnownFileType = sourcecode.swift; path = LinkUpApp.swift; sourceTree = "<group>"; };
		DA7A346A2E5F74FD0008D115 /* ContentView.swift */ = {isa = PBXFileReference; lastKnownFileType = sourcecode.swift; path = ContentView.swift; sourceTree = "<group>"; };
		DA7A346C2E5F75070008D115 /* Assets.xcassets */ = {isa = PBXFileReference; lastKnownFileType = folder.assetcatalog; path = Assets.xcassets; sourceTree = "<group>"; };
		DA7A346F2E5F75070008D115 /* Preview Assets.xcassets */ = {isa = PBXFileReference; lastKnownFileType = folder.assetcatalog; path = "Preview Assets.xcassets"; sourceTree = "<group>"; };
		DA7A34792E5F7AA70008D115 /* DataModels.swift */ = {isa = PBXFileReference; lastKnownFileType = sourcecode.swift; path = DataModels.swift; sourceTree = "<group>"; };
		DA7A347C2E5F7C0F0008D115 /* Networking.swift */ = {isa = PBXFileReference; lastKnownFileType = sourcecode.swift; path = Networking.swift; sourceTree = "<group>"; };
		DA7A347E2E5F7D280008D115 /* APIService.swift */ = {isa = PBXFileReference; lastKnownFileType = sourcecode.swift; path = APIService.swift; sourceTree = "<group>"; };
		DA7A34802E5F7D840008D115 /* APIEndpoint.swift */ = {isa = PBXFileReference; lastKnownFileType = sourcecode.swift; path = APIEndpoint.swift; sourceTree = "<group>"; };
		DA7A34832E5F80D20008D115 /* APIError.swift */ = {isa = PBXFileReference; lastKnownFileType = sourcecode.swift; path = APIError.swift; sourceTree = "<group>"; };
		DA7A34852E5F82A90008D115 /* PostsViewModel.swift */ = {isa = PBXFileReference; lastKnownFileType = sourcecode.swift; path = PostsViewModel.swift; sourceTree = "<group>"; };
		DA7A34872E5F84810008D115 /* PostsView.swift */ = {isa = PBXFileReference; lastKnownFileType = sourcecode.swift; path = PostsView.swift; sourceTree = "<group>"; };
		DA9B3D192E5F989D00D264CC /* PostDetailViewModel.swift */ = {isa = PBXFileReference; lastKnownFileType = sourcecode.swift; path = PostDetailViewModel.swift; sourceTree = "<group>"; };
		DA9B3D1B2E5F9CDE00D264CC /* PostDetailView.swift */ = {isa = PBXFileReference; lastKnownFileType = sourcecode.swift; path = PostDetailView.swift; sourceTree = "<group>"; };
		DA9B3D1D2E5FA05A00D264CC /* CommentView.swift */ = {isa = PBXFileReference; lastKnownFileType = sourcecode.swift; path = CommentView.swift; sourceTree = "<group>"; };
		DA9B3D1F2E5FA3BB00D264CC /* MockAPIService.swift */ = {isa = PBXFileReference; lastKnownFileType = sourcecode.swift; path = MockAPIService.swift; sourceTree = "<group>"; };
		DACC5AE72E802F9B00BC5624 /* ThemeManager.swift */ = {isa = PBXFileReference; lastKnownFileType = sourcecode.swift; path = ThemeManager.swift; sourceTree = "<group>"; };
		DACC5AE92E8032A700BC5624 /* SettingsView.swift */ = {isa = PBXFileReference; lastKnownFileType = sourcecode.swift; path = SettingsView.swift; sourceTree = "<group>"; };
		DACC5AEB2E8035C900BC5624 /* MainTabView.swift */ = {isa = PBXFileReference; lastKnownFileType = sourcecode.swift; path = MainTabView.swift; sourceTree = "<group>"; };
		DACC5AF32E81848C00BC5624 /* FavoritePost.swift */ = {isa = PBXFileReference; lastKnownFileType = sourcecode.swift; path = FavoritePost.swift; sourceTree = "<group>"; };
		DACC5AF52E818D0000BC5624 /* PostService.swift */ = {isa = PBXFileReference; lastKnownFileType = sourcecode.swift; path = PostService.swift; sourceTree = "<group>"; };
/* End PBXFileReference section */

/* Begin PBXFrameworksBuildPhase section */
		DA7A34622E5F74FD0008D115 /* Frameworks */ = {
			isa = PBXFrameworksBuildPhase;
			buildActionMask = 2147483647;
			files = (
			);
			runOnlyForDeploymentPostprocessing = 0;
		};
/* End PBXFrameworksBuildPhase section */

/* Begin PBXGroup section */
		DA7A345C2E5F74FD0008D115 = {
			isa = PBXGroup;
			children = (
				DA7A34672E5F74FD0008D115 /* LinkUp */,
				DA7A34662E5F74FD0008D115 /* Products */,
			);
			sourceTree = "<group>";
		};
		DA7A34662E5F74FD0008D115 /* Products */ = {
			isa = PBXGroup;
			children = (
				DA7A34652E5F74FD0008D115 /* LinkUp.app */,
			);
			name = Products;
			sourceTree = "<group>";
		};
		DA7A34672E5F74FD0008D115 /* LinkUp */ = {
			isa = PBXGroup;
			children = (
				DA7A34762E5F7A390008D115 /* Model */,
				DA7A34772E5F7A440008D115 /* View */,
				DA7A34782E5F7A4C0008D115 /* ViewModel */,
				DA7A34822E5F80AD0008D115 /* Utilities */,
				DA7A347B2E5F7B7A0008D115 /* Service */,
				DA7A34682E5F74FD0008D115 /* LinkUpApp.swift */,
				DA7A346A2E5F74FD0008D115 /* ContentView.swift */,
				DA7A346C2E5F75070008D115 /* Assets.xcassets */,
				DA7A346E2E5F75070008D115 /* Preview Content */,
			);
			path = LinkUp;
			sourceTree = "<group>";
		};
		DA7A346E2E5F75070008D115 /* Preview Content */ = {
			isa = PBXGroup;
			children = (
				DA7A346F2E5F75070008D115 /* Preview Assets.xcassets */,
			);
			path = "Preview Content";
			sourceTree = "<group>";
		};
		DA7A34762E5F7A390008D115 /* Model */ = {
			isa = PBXGroup;
			children = (
				DA7A34792E5F7AA70008D115 /* DataModels.swift */,
				DACC5AF32E81848C00BC5624 /* FavoritePost.swift */,
			);
			path = Model;
			sourceTree = "<group>";
		};
		DA7A34772E5F7A440008D115 /* View */ = {
			isa = PBXGroup;
			children = (
				DA7A34872E5F84810008D115 /* PostsView.swift */,
				DA9B3D1B2E5F9CDE00D264CC /* PostDetailView.swift */,
				DA9B3D1D2E5FA05A00D264CC /* CommentView.swift */,
				DA499C2B2E60EF8300968E61 /* UserProfileView.swift */,
				DA499C2D2E60EFFA00968E61 /* PostRowView.swift */,
				DACC5AE92E8032A700BC5624 /* SettingsView.swift */,
				DACC5AEB2E8035C900BC5624 /* MainTabView.swift */,
			);
			path = View;
			sourceTree = "<group>";
		};
		DA7A34782E5F7A4C0008D115 /* ViewModel */ = {
			isa = PBXGroup;
			children = (
				DA7A34852E5F82A90008D115 /* PostsViewModel.swift */,
				DA9B3D192E5F989D00D264CC /* PostDetailViewModel.swift */,
				DA499C292E60EB8800968E61 /* UserProfileViewModel.swift */,
			);
			path = ViewModel;
			sourceTree = "<group>";
		};
		DA7A347B2E5F7B7A0008D115 /* Service */ = {
			isa = PBXGroup;
			children = (
				DA7A347C2E5F7C0F0008D115 /* Networking.swift */,
				DA7A347E2E5F7D280008D115 /* APIService.swift */,
				DA7A34802E5F7D840008D115 /* APIEndpoint.swift */,
				DA9B3D1F2E5FA3BB00D264CC /* MockAPIService.swift */,
				DACC5AF52E818D0000BC5624 /* PostService.swift */,
			);
			path = Service;
			sourceTree = "<group>";
		};
		DA7A34822E5F80AD0008D115 /* Utilities */ = {
			isa = PBXGroup;
			children = (
				DA7A34832E5F80D20008D115 /* APIError.swift */,
				DA499C2F2E60F15E00968E61 /* AppNavigationPath.swift */,
				DACC5AE72E802F9B00BC5624 /* ThemeManager.swift */,
			);
			path = Utilities;
			sourceTree = "<group>";
		};
/* End PBXGroup section */

/* Begin PBXNativeTarget section */
		DA7A34642E5F74FD0008D115 /* LinkUp */ = {
			isa = PBXNativeTarget;
			buildConfigurationList = DA7A34732E5F75070008D115 /* Build configuration list for PBXNativeTarget "LinkUp" */;
			buildPhases = (
				DA7A34612E5F74FD0008D115 /* Sources */,
				DA7A34622E5F74FD0008D115 /* Frameworks */,
				DA7A34632E5F74FD0008D115 /* Resources */,
			);
			buildRules = (
			);
			dependencies = (
			);
			name = LinkUp;
			productName = LinkUp;
			productReference = DA7A34652E5F74FD0008D115 /* LinkUp.app */;
			productType = "com.apple.product-type.application";
		};
/* End PBXNativeTarget section */

/* Begin PBXProject section */
		DA7A345D2E5F74FD0008D115 /* Project object */ = {
			isa = PBXProject;
			attributes = {
				BuildIndependentTargetsInParallel = 1;
				LastSwiftUpdateCheck = 1520;
				LastUpgradeCheck = 1520;
				TargetAttributes = {
					DA7A34642E5F74FD0008D115 = {
						CreatedOnToolsVersion = 15.2;
					};
				};
			};
			buildConfigurationList = DA7A34602E5F74FD0008D115 /* Build configuration list for PBXProject "LinkUp" */;
			compatibilityVersion = "Xcode 14.0";
			developmentRegion = en;
			hasScannedForEncodings = 0;
			knownRegions = (
				en,
				Base,
			);
			mainGroup = DA7A345C2E5F74FD0008D115;
			productRefGroup = DA7A34662E5F74FD0008D115 /* Products */;
			projectDirPath = "";
			projectRoot = "";
			targets = (
				DA7A34642E5F74FD0008D115 /* LinkUp */,
			);
		};
/* End PBXProject section */

/* Begin PBXResourcesBuildPhase section */
		DA7A34632E5F74FD0008D115 /* Resources */ = {
			isa = PBXResourcesBuildPhase;
			buildActionMask = 2147483647;
			files = (
				DA7A34702E5F75070008D115 /* Preview Assets.xcassets in Resources */,
				DA7A346D2E5F75070008D115 /* Assets.xcassets in Resources */,
			);
			runOnlyForDeploymentPostprocessing = 0;
		};
/* End PBXResourcesBuildPhase section */

/* Begin PBXSourcesBuildPhase section */
		DA7A34612E5F74FD0008D115 /* Sources */ = {
			isa = PBXSourcesBuildPhase;
			buildActionMask = 2147483647;
			files = (
				DA9B3D1C2E5F9CDE00D264CC /* PostDetailView.swift in Sources */,
				DA7A347A2E5F7AA70008D115 /* DataModels.swift in Sources */,
				DA7A34812E5F7D840008D115 /* APIEndpoint.swift in Sources */,
				DA499C2A2E60EB8800968E61 /* UserProfileViewModel.swift in Sources */,
				DA7A347F2E5F7D280008D115 /* APIService.swift in Sources */,
				DACC5AF62E818D0000BC5624 /* PostService.swift in Sources */,
				DACC5AE82E802F9B00BC5624 /* ThemeManager.swift in Sources */,
				DA499C302E60F15E00968E61 /* AppNavigationPath.swift in Sources */,
				DA499C2E2E60EFFA00968E61 /* PostRowView.swift in Sources */,
				DACC5AF42E81848C00BC5624 /* FavoritePost.swift in Sources */,
				DA7A346B2E5F74FD0008D115 /* ContentView.swift in Sources */,
				DA7A34862E5F82A90008D115 /* PostsViewModel.swift in Sources */,
				DA9B3D1E2E5FA05A00D264CC /* CommentView.swift in Sources */,
				DA7A347D2E5F7C0F0008D115 /* Networking.swift in Sources */,
				DA7A34692E5F74FD0008D115 /* LinkUpApp.swift in Sources */,
				DA499C2C2E60EF8300968E61 /* UserProfileView.swift in Sources */,
				DA7A34842E5F80D20008D115 /* APIError.swift in Sources */,
				DA7A34882E5F84810008D115 /* PostsView.swift in Sources */,
				DA9B3D1A2E5F989D00D264CC /* PostDetailViewModel.swift in Sources */,
				DA9B3D202E5FA3BB00D264CC /* MockAPIService.swift in Sources */,
				DACC5AEA2E8032A700BC5624 /* SettingsView.swift in Sources */,
				DACC5AEC2E8035C900BC5624 /* MainTabView.swift in Sources */,
			);
			runOnlyForDeploymentPostprocessing = 0;
		};
/* End PBXSourcesBuildPhase section */

/* Begin XCBuildConfiguration section */
		DA7A34712E5F75070008D115 /* Debug */ = {
			isa = XCBuildConfiguration;
			buildSettings = {
				ALWAYS_SEARCH_USER_PATHS = NO;
				ASSETCATALOG_COMPILER_GENERATE_SWIFT_ASSET_SYMBOL_EXTENSIONS = YES;
				CLANG_ANALYZER_NONNULL = YES;
				CLANG_ANALYZER_NUMBER_OBJECT_CONVERSION = YES_AGGRESSIVE;
				CLANG_CXX_LANGUAGE_STANDARD = "gnu++20";
				CLANG_ENABLE_MODULES = YES;
				CLANG_ENABLE_OBJC_ARC = YES;
				CLANG_ENABLE_OBJC_WEAK = YES;
				CLANG_WARN_BLOCK_CAPTURE_AUTORELEASING = YES;
				CLANG_WARN_BOOL_CONVERSION = YES;
				CLANG_WARN_COMMA = YES;
				CLANG_WARN_CONSTANT_CONVERSION = YES;
				CLANG_WARN_DEPRECATED_OBJC_IMPLEMENTATIONS = YES;
				CLANG_WARN_DIRECT_OBJC_ISA_USAGE = YES_ERROR;
				CLANG_WARN_DOCUMENTATION_COMMENTS = YES;
				CLANG_WARN_EMPTY_BODY = YES;
				CLANG_WARN_ENUM_CONVERSION = YES;
				CLANG_WARN_INFINITE_RECURSION = YES;
				CLANG_WARN_INT_CONVERSION = YES;
				CLANG_WARN_NON_LITERAL_NULL_CONVERSION = YES;
				CLANG_WARN_OBJC_IMPLICIT_RETAIN_SELF = YES;
				CLANG_WARN_OBJC_LITERAL_CONVERSION = YES;
				CLANG_WARN_OBJC_ROOT_CLASS = YES_ERROR;
				CLANG_WARN_QUOTED_INCLUDE_IN_FRAMEWORK_HEADER = YES;
				CLANG_WARN_RANGE_LOOP_ANALYSIS = YES;
				CLANG_WARN_STRICT_PROTOTYPES = YES;
				CLANG_WARN_SUSPICIOUS_MOVE = YES;
				CLANG_WARN_UNGUARDED_AVAILABILITY = YES_AGGRESSIVE;
				CLANG_WARN_UNREACHABLE_CODE = YES;
				CLANG_WARN__DUPLICATE_METHOD_MATCH = YES;
				COPY_PHASE_STRIP = NO;
				DEBUG_INFORMATION_FORMAT = dwarf;
				ENABLE_STRICT_OBJC_MSGSEND = YES;
				ENABLE_TESTABILITY = YES;
				ENABLE_USER_SCRIPT_SANDBOXING = YES;
				GCC_C_LANGUAGE_STANDARD = gnu17;
				GCC_DYNAMIC_NO_PIC = NO;
				GCC_NO_COMMON_BLOCKS = YES;
				GCC_OPTIMIZATION_LEVEL = 0;
				GCC_PREPROCESSOR_DEFINITIONS = (
					"DEBUG=1",
					"$(inherited)",
				);
				GCC_WARN_64_TO_32_BIT_CONVERSION = YES;
				GCC_WARN_ABOUT_RETURN_TYPE = YES_ERROR;
				GCC_WARN_UNDECLARED_SELECTOR = YES;
				GCC_WARN_UNINITIALIZED_AUTOS = YES_AGGRESSIVE;
				GCC_WARN_UNUSED_FUNCTION = YES;
				GCC_WARN_UNUSED_VARIABLE = YES;
				IPHONEOS_DEPLOYMENT_TARGET = 17.2;
				LOCALIZATION_PREFERS_STRING_CATALOGS = YES;
				MTL_ENABLE_DEBUG_INFO = INCLUDE_SOURCE;
				MTL_FAST_MATH = YES;
				ONLY_ACTIVE_ARCH = YES;
				SDKROOT = iphoneos;
				SWIFT_ACTIVE_COMPILATION_CONDITIONS = "DEBUG $(inherited)";
				SWIFT_OPTIMIZATION_LEVEL = "-Onone";
			};
			name = Debug;
		};
		DA7A34722E5F75070008D115 /* Release */ = {
			isa = XCBuildConfiguration;
			buildSettings = {
				ALWAYS_SEARCH_USER_PATHS = NO;
				ASSETCATALOG_COMPILER_GENERATE_SWIFT_ASSET_SYMBOL_EXTENSIONS = YES;
				CLANG_ANALYZER_NONNULL = YES;
				CLANG_ANALYZER_NUMBER_OBJECT_CONVERSION = YES_AGGRESSIVE;
				CLANG_CXX_LANGUAGE_STANDARD = "gnu++20";
				CLANG_ENABLE_MODULES = YES;
				CLANG_ENABLE_OBJC_ARC = YES;
				CLANG_ENABLE_OBJC_WEAK = YES;
				CLANG_WARN_BLOCK_CAPTURE_AUTORELEASING = YES;
				CLANG_WARN_BOOL_CONVERSION = YES;
				CLANG_WARN_COMMA = YES;
				CLANG_WARN_CONSTANT_CONVERSION = YES;
				CLANG_WARN_DEPRECATED_OBJC_IMPLEMENTATIONS = YES;
				CLANG_WARN_DIRECT_OBJC_ISA_USAGE = YES_ERROR;
				CLANG_WARN_DOCUMENTATION_COMMENTS = YES;
				CLANG_WARN_EMPTY_BODY = YES;
				CLANG_WARN_ENUM_CONVERSION = YES;
				CLANG_WARN_INFINITE_RECURSION = YES;
				CLANG_WARN_INT_CONVERSION = YES;
				CLANG_WARN_NON_LITERAL_NULL_CONVERSION = YES;
				CLANG_WARN_OBJC_IMPLICIT_RETAIN_SELF = YES;
				CLANG_WARN_OBJC_LITERAL_CONVERSION = YES;
				CLANG_WARN_OBJC_ROOT_CLASS = YES_ERROR;
				CLANG_WARN_QUOTED_INCLUDE_IN_FRAMEWORK_HEADER = YES;
				CLANG_WARN_RANGE_LOOP_ANALYSIS = YES;
				CLANG_WARN_STRICT_PROTOTYPES = YES;
				CLANG_WARN_SUSPICIOUS_MOVE = YES;
				CLANG_WARN_UNGUARDED_AVAILABILITY = YES_AGGRESSIVE;
				CLANG_WARN_UNREACHABLE_CODE = YES;
				CLANG_WARN__DUPLICATE_METHOD_MATCH = YES;
				COPY_PHASE_STRIP = NO;
				DEBUG_INFORMATION_FORMAT = "dwarf-with-dsym";
				ENABLE_NS_ASSERTIONS = NO;
				ENABLE_STRICT_OBJC_MSGSEND = YES;
				ENABLE_USER_SCRIPT_SANDBOXING = YES;
				GCC_C_LANGUAGE_STANDARD = gnu17;
				GCC_NO_COMMON_BLOCKS = YES;
				GCC_WARN_64_TO_32_BIT_CONVERSION = YES;
				GCC_WARN_ABOUT_RETURN_TYPE = YES_ERROR;
				GCC_WARN_UNDECLARED_SELECTOR = YES;
				GCC_WARN_UNINITIALIZED_AUTOS = YES_AGGRESSIVE;
				GCC_WARN_UNUSED_FUNCTION = YES;
				GCC_WARN_UNUSED_VARIABLE = YES;
				IPHONEOS_DEPLOYMENT_TARGET = 17.2;
				LOCALIZATION_PREFERS_STRING_CATALOGS = YES;
				MTL_ENABLE_DEBUG_INFO = NO;
				MTL_FAST_MATH = YES;
				SDKROOT = iphoneos;
				SWIFT_COMPILATION_MODE = wholemodule;
				VALIDATE_PRODUCT = YES;
			};
			name = Release;
		};
		DA7A34742E5F75070008D115 /* Debug */ = {
			isa = XCBuildConfiguration;
			buildSettings = {
				ASSETCATALOG_COMPILER_APPICON_NAME = AppIcon;
				ASSETCATALOG_COMPILER_GLOBAL_ACCENT_COLOR_NAME = AccentColor;
				CODE_SIGN_STYLE = Automatic;
				CURRENT_PROJECT_VERSION = 1;
				DEVELOPMENT_ASSET_PATHS = "\"LinkUp/Preview Content\"";
				DEVELOPMENT_TEAM = W25CN6H3TY;
				ENABLE_PREVIEWS = YES;
				GENERATE_INFOPLIST_FILE = YES;
				INFOPLIST_KEY_UIApplicationSceneManifest_Generation = YES;
				INFOPLIST_KEY_UIApplicationSupportsIndirectInputEvents = YES;
				INFOPLIST_KEY_UILaunchScreen_Generation = YES;
				INFOPLIST_KEY_UISupportedInterfaceOrientations_iPad = "UIInterfaceOrientationPortrait UIInterfaceOrientationPortraitUpsideDown UIInterfaceOrientationLandscapeLeft UIInterfaceOrientationLandscapeRight";
				INFOPLIST_KEY_UISupportedInterfaceOrientations_iPhone = "UIInterfaceOrientationPortrait UIInterfaceOrientationLandscapeLeft UIInterfaceOrientationLandscapeRight";
				LD_RUNPATH_SEARCH_PATHS = (
					"$(inherited)",
					"@executable_path/Frameworks",
				);
				MARKETING_VERSION = 1.0;
				PRODUCT_BUNDLE_IDENTIFIER = TazoG.LinkUp;
				PRODUCT_NAME = "$(TARGET_NAME)";
				SWIFT_EMIT_LOC_STRINGS = YES;
				SWIFT_VERSION = 5.0;
				TARGETED_DEVICE_FAMILY = "1,2";
			};
			name = Debug;
		};
		DA7A34752E5F75070008D115 /* Release */ = {
			isa = XCBuildConfiguration;
			buildSettings = {
				ASSETCATALOG_COMPILER_APPICON_NAME = AppIcon;
				ASSETCATALOG_COMPILER_GLOBAL_ACCENT_COLOR_NAME = AccentColor;
				CODE_SIGN_STYLE = Automatic;
				CURRENT_PROJECT_VERSION = 1;
				DEVELOPMENT_ASSET_PATHS = "\"LinkUp/Preview Content\"";
				DEVELOPMENT_TEAM = W25CN6H3TY;
				ENABLE_PREVIEWS = YES;
				GENERATE_INFOPLIST_FILE = YES;
				INFOPLIST_KEY_UIApplicationSceneManifest_Generation = YES;
				INFOPLIST_KEY_UIApplicationSupportsIndirectInputEvents = YES;
				INFOPLIST_KEY_UILaunchScreen_Generation = YES;
				INFOPLIST_KEY_UISupportedInterfaceOrientations_iPad = "UIInterfaceOrientationPortrait UIInterfaceOrientationPortraitUpsideDown UIInterfaceOrientationLandscapeLeft UIInterfaceOrientationLandscapeRight";
				INFOPLIST_KEY_UISupportedInterfaceOrientations_iPhone = "UIInterfaceOrientationPortrait UIInterfaceOrientationLandscapeLeft UIInterfaceOrientationLandscapeRight";
				LD_RUNPATH_SEARCH_PATHS = (
					"$(inherited)",
					"@executable_path/Frameworks",
				);
				MARKETING_VERSION = 1.0;
				PRODUCT_BUNDLE_IDENTIFIER = TazoG.LinkUp;
				PRODUCT_NAME = "$(TARGET_NAME)";
				SWIFT_EMIT_LOC_STRINGS = YES;
				SWIFT_VERSION = 5.0;
				TARGETED_DEVICE_FAMILY = "1,2";
			};
			name = Release;
		};
/* End XCBuildConfiguration section */

/* Begin XCConfigurationList section */
		DA7A34602E5F74FD0008D115 /* Build configuration list for PBXProject "LinkUp" */ = {
			isa = XCConfigurationList;
			buildConfigurations = (
				DA7A34712E5F75070008D115 /* Debug */,
				DA7A34722E5F75070008D115 /* Release */,
			);
			defaultConfigurationIsVisible = 0;
			defaultConfigurationName = Release;
		};
		DA7A34732E5F75070008D115 /* Build configuration list for PBXNativeTarget "LinkUp" */ = {
			isa = XCConfigurationList;
			buildConfigurations = (
				DA7A34742E5F75070008D115 /* Debug */,
				DA7A34752E5F75070008D115 /* Release */,
			);
			defaultConfigurationIsVisible = 0;
			defaultConfigurationName = Release;
		};
/* End XCConfigurationList section */
	};
	rootObject = DA7A345D2E5F74FD0008D115 /* Project object */;
}
